// !$*UTF8*$!
{
	archiveVersion = 1;
	classes = {
	};
	objectVersion = 46;
	objects = {

/* Begin PBXBuildFile section */
		285496331B75482500AFE16C /* Goal.m in Sources */ = {isa = PBXBuildFile; fileRef = 285496321B75482500AFE16C /* Goal.m */; };
		285496361B75482600AFE16C /* Task.m in Sources */ = {isa = PBXBuildFile; fileRef = 285496351B75482600AFE16C /* Task.m */; };
		28EB477C1B6C09C9005F9AD2 /* main.m in Sources */ = {isa = PBXBuildFile; fileRef = 28EB477B1B6C09C9005F9AD2 /* main.m */; };
		28EB477F1B6C09C9005F9AD2 /* AppDelegate.m in Sources */ = {isa = PBXBuildFile; fileRef = 28EB477E1B6C09C9005F9AD2 /* AppDelegate.m */; };
		28EB478B1B6C09C9005F9AD2 /* Main.storyboard in Resources */ = {isa = PBXBuildFile; fileRef = 28EB47891B6C09C9005F9AD2 /* Main.storyboard */; };
		28EB478D1B6C09C9005F9AD2 /* Images.xcassets in Resources */ = {isa = PBXBuildFile; fileRef = 28EB478C1B6C09C9005F9AD2 /* Images.xcassets */; };
		28EB47901B6C09C9005F9AD2 /* LaunchScreen.xib in Resources */ = {isa = PBXBuildFile; fileRef = 28EB478E1B6C09C9005F9AD2 /* LaunchScreen.xib */; };
		28EB479C1B6C09C9005F9AD2 /* InstinctTests.m in Sources */ = {isa = PBXBuildFile; fileRef = 28EB479B1B6C09C9005F9AD2 /* InstinctTests.m */; };
		28EB47A71B6C1579005F9AD2 /* AddTaskViewController.m in Sources */ = {isa = PBXBuildFile; fileRef = 28EB47A61B6C1579005F9AD2 /* AddTaskViewController.m */; };
		28EB47AA1B6C18E4005F9AD2 /* SettingsViewController.m in Sources */ = {isa = PBXBuildFile; fileRef = 28EB47A91B6C18E4005F9AD2 /* SettingsViewController.m */; };
		28EB47AD1B6C19BF005F9AD2 /* Settings.m in Sources */ = {isa = PBXBuildFile; fileRef = 28EB47AC1B6C19BF005F9AD2 /* Settings.m */; };
		28EB47B01B6C1BB1005F9AD2 /* SettingsController.m in Sources */ = {isa = PBXBuildFile; fileRef = 28EB47AF1B6C1BB1005F9AD2 /* SettingsController.m */; };
		28EB47BD1B6C5A54005F9AD2 /* Today.m in Sources */ = {isa = PBXBuildFile; fileRef = 28EB47BC1B6C5A54005F9AD2 /* Today.m */; };
		28EB47C61B6C5AD7005F9AD2 /* Summary.m in Sources */ = {isa = PBXBuildFile; fileRef = 28EB47C51B6C5AD7005F9AD2 /* Summary.m */; };
		28EB47C91B6C5B04005F9AD2 /* GoalController.m in Sources */ = {isa = PBXBuildFile; fileRef = 28EB47C81B6C5B04005F9AD2 /* GoalController.m */; };
		28EB47CC1B6C5B17005F9AD2 /* TodayController.m in Sources */ = {isa = PBXBuildFile; fileRef = 28EB47CB1B6C5B17005F9AD2 /* TodayController.m */; };
		28EB47CF1B6C5B23005F9AD2 /* SummaryController.m in Sources */ = {isa = PBXBuildFile; fileRef = 28EB47CE1B6C5B23005F9AD2 /* SummaryController.m */; };
		28EB47D21B6C5B2E005F9AD2 /* TaskController.m in Sources */ = {isa = PBXBuildFile; fileRef = 28EB47D11B6C5B2E005F9AD2 /* TaskController.m */; };
		28EB47D51B6C5B57005F9AD2 /* GoalsViewController.m in Sources */ = {isa = PBXBuildFile; fileRef = 28EB47D41B6C5B57005F9AD2 /* GoalsViewController.m */; };
		28EB47D81B6C5B5E005F9AD2 /* TodayViewController.m in Sources */ = {isa = PBXBuildFile; fileRef = 28EB47D71B6C5B5E005F9AD2 /* TodayViewController.m */; };
		28EB47DB1B6C5B65005F9AD2 /* SummaryViewController.m in Sources */ = {isa = PBXBuildFile; fileRef = 28EB47DA1B6C5B65005F9AD2 /* SummaryViewController.m */; };
		28EB47DE1B6C5B6C005F9AD2 /* TaskViewController.m in Sources */ = {isa = PBXBuildFile; fileRef = 28EB47DD1B6C5B6C005F9AD2 /* TaskViewController.m */; };
		28EB48241B6EDD10005F9AD2 /* Objects.m in Sources */ = {isa = PBXBuildFile; fileRef = 28EB48231B6EDD10005F9AD2 /* Objects.m */; };
		28F96E371B721363009CF483 /* Stack.m in Sources */ = {isa = PBXBuildFile; fileRef = 28F96E361B721363009CF483 /* Stack.m */; };
		28F96E3A1B721389009CF483 /* Model.xcdatamodeld in Sources */ = {isa = PBXBuildFile; fileRef = 28F96E381B721389009CF483 /* Model.xcdatamodeld */; };
		28F96E3C1B7213A4009CF483 /* CoreData.framework in Frameworks */ = {isa = PBXBuildFile; fileRef = 28F96E3B1B7213A4009CF483 /* CoreData.framework */; };
/* End PBXBuildFile section */

/* Begin PBXContainerItemProxy section */
		28EB47961B6C09C9005F9AD2 /* PBXContainerItemProxy */ = {
			isa = PBXContainerItemProxy;
			containerPortal = 28EB476E1B6C09C9005F9AD2 /* Project object */;
			proxyType = 1;
			remoteGlobalIDString = 28EB47751B6C09C9005F9AD2;
			remoteInfo = Instinct;
		};
/* End PBXContainerItemProxy section */

/* Begin PBXFileReference section */
		285496311B75482500AFE16C /* Goal.h */ = {isa = PBXFileReference; fileEncoding = 4; lastKnownFileType = sourcecode.c.h; path = Goal.h; sourceTree = "<group>"; };
		285496321B75482500AFE16C /* Goal.m */ = {isa = PBXFileReference; fileEncoding = 4; lastKnownFileType = sourcecode.c.objc; path = Goal.m; sourceTree = "<group>"; };
		285496341B75482600AFE16C /* Task.h */ = {isa = PBXFileReference; fileEncoding = 4; lastKnownFileType = sourcecode.c.h; path = Task.h; sourceTree = "<group>"; };
		285496351B75482600AFE16C /* Task.m */ = {isa = PBXFileReference; fileEncoding = 4; lastKnownFileType = sourcecode.c.objc; path = Task.m; sourceTree = "<group>"; };
		28EB47761B6C09C9005F9AD2 /* Instinct.app */ = {isa = PBXFileReference; explicitFileType = wrapper.application; includeInIndex = 0; path = Instinct.app; sourceTree = BUILT_PRODUCTS_DIR; };
		28EB477A1B6C09C9005F9AD2 /* Info.plist */ = {isa = PBXFileReference; lastKnownFileType = text.plist.xml; path = Info.plist; sourceTree = "<group>"; };
		28EB477B1B6C09C9005F9AD2 /* main.m */ = {isa = PBXFileReference; lastKnownFileType = sourcecode.c.objc; path = main.m; sourceTree = "<group>"; };
		28EB477D1B6C09C9005F9AD2 /* AppDelegate.h */ = {isa = PBXFileReference; lastKnownFileType = sourcecode.c.h; path = AppDelegate.h; sourceTree = "<group>"; };
		28EB477E1B6C09C9005F9AD2 /* AppDelegate.m */ = {isa = PBXFileReference; lastKnownFileType = sourcecode.c.objc; path = AppDelegate.m; sourceTree = "<group>"; };
		28EB478A1B6C09C9005F9AD2 /* Base */ = {isa = PBXFileReference; lastKnownFileType = file.storyboard; name = Base; path = Base.lproj/Main.storyboard; sourceTree = "<group>"; };
		28EB478C1B6C09C9005F9AD2 /* Images.xcassets */ = {isa = PBXFileReference; lastKnownFileType = folder.assetcatalog; path = Images.xcassets; sourceTree = "<group>"; };
		28EB478F1B6C09C9005F9AD2 /* Base */ = {isa = PBXFileReference; lastKnownFileType = file.xib; name = Base; path = Base.lproj/LaunchScreen.xib; sourceTree = "<group>"; };
		28EB47951B6C09C9005F9AD2 /* InstinctTests.xctest */ = {isa = PBXFileReference; explicitFileType = wrapper.cfbundle; includeInIndex = 0; path = InstinctTests.xctest; sourceTree = BUILT_PRODUCTS_DIR; };
		28EB479A1B6C09C9005F9AD2 /* Info.plist */ = {isa = PBXFileReference; lastKnownFileType = text.plist.xml; path = Info.plist; sourceTree = "<group>"; };
		28EB479B1B6C09C9005F9AD2 /* InstinctTests.m */ = {isa = PBXFileReference; lastKnownFileType = sourcecode.c.objc; path = InstinctTests.m; sourceTree = "<group>"; };
		28EB47A51B6C1579005F9AD2 /* AddTaskViewController.h */ = {isa = PBXFileReference; fileEncoding = 4; lastKnownFileType = sourcecode.c.h; path = AddTaskViewController.h; sourceTree = "<group>"; };
		28EB47A61B6C1579005F9AD2 /* AddTaskViewController.m */ = {isa = PBXFileReference; fileEncoding = 4; lastKnownFileType = sourcecode.c.objc; path = AddTaskViewController.m; sourceTree = "<group>"; };
		28EB47A81B6C18E4005F9AD2 /* SettingsViewController.h */ = {isa = PBXFileReference; fileEncoding = 4; lastKnownFileType = sourcecode.c.h; path = SettingsViewController.h; sourceTree = "<group>"; };
		28EB47A91B6C18E4005F9AD2 /* SettingsViewController.m */ = {isa = PBXFileReference; fileEncoding = 4; lastKnownFileType = sourcecode.c.objc; path = SettingsViewController.m; sourceTree = "<group>"; };
		28EB47AB1B6C19BF005F9AD2 /* Settings.h */ = {isa = PBXFileReference; fileEncoding = 4; lastKnownFileType = sourcecode.c.h; path = Settings.h; sourceTree = "<group>"; };
		28EB47AC1B6C19BF005F9AD2 /* Settings.m */ = {isa = PBXFileReference; fileEncoding = 4; lastKnownFileType = sourcecode.c.objc; path = Settings.m; sourceTree = "<group>"; };
		28EB47AE1B6C1BB1005F9AD2 /* SettingsController.h */ = {isa = PBXFileReference; fileEncoding = 4; lastKnownFileType = sourcecode.c.h; path = SettingsController.h; sourceTree = "<group>"; };
		28EB47AF1B6C1BB1005F9AD2 /* SettingsController.m */ = {isa = PBXFileReference; fileEncoding = 4; lastKnownFileType = sourcecode.c.objc; path = SettingsController.m; sourceTree = "<group>"; };
		28EB47BB1B6C5A54005F9AD2 /* Today.h */ = {isa = PBXFileReference; fileEncoding = 4; lastKnownFileType = sourcecode.c.h; path = Today.h; sourceTree = "<group>"; };
		28EB47BC1B6C5A54005F9AD2 /* Today.m */ = {isa = PBXFileReference; fileEncoding = 4; lastKnownFileType = sourcecode.c.objc; path = Today.m; sourceTree = "<group>"; };
		28EB47C41B6C5AD7005F9AD2 /* Summary.h */ = {isa = PBXFileReference; fileEncoding = 4; lastKnownFileType = sourcecode.c.h; path = Summary.h; sourceTree = "<group>"; };
		28EB47C51B6C5AD7005F9AD2 /* Summary.m */ = {isa = PBXFileReference; fileEncoding = 4; lastKnownFileType = sourcecode.c.objc; path = Summary.m; sourceTree = "<group>"; };
		28EB47C71B6C5B04005F9AD2 /* GoalController.h */ = {isa = PBXFileReference; fileEncoding = 4; lastKnownFileType = sourcecode.c.h; path = GoalController.h; sourceTree = "<group>"; };
		28EB47C81B6C5B04005F9AD2 /* GoalController.m */ = {isa = PBXFileReference; fileEncoding = 4; lastKnownFileType = sourcecode.c.objc; path = GoalController.m; sourceTree = "<group>"; };
		28EB47CA1B6C5B17005F9AD2 /* TodayController.h */ = {isa = PBXFileReference; fileEncoding = 4; lastKnownFileType = sourcecode.c.h; path = TodayController.h; sourceTree = "<group>"; };
		28EB47CB1B6C5B17005F9AD2 /* TodayController.m */ = {isa = PBXFileReference; fileEncoding = 4; lastKnownFileType = sourcecode.c.objc; path = TodayController.m; sourceTree = "<group>"; };
		28EB47CD1B6C5B23005F9AD2 /* SummaryController.h */ = {isa = PBXFileReference; fileEncoding = 4; lastKnownFileType = sourcecode.c.h; path = SummaryController.h; sourceTree = "<group>"; };
		28EB47CE1B6C5B23005F9AD2 /* SummaryController.m */ = {isa = PBXFileReference; fileEncoding = 4; lastKnownFileType = sourcecode.c.objc; path = SummaryController.m; sourceTree = "<group>"; };
		28EB47D01B6C5B2E005F9AD2 /* TaskController.h */ = {isa = PBXFileReference; fileEncoding = 4; lastKnownFileType = sourcecode.c.h; path = TaskController.h; sourceTree = "<group>"; };
		28EB47D11B6C5B2E005F9AD2 /* TaskController.m */ = {isa = PBXFileReference; fileEncoding = 4; lastKnownFileType = sourcecode.c.objc; path = TaskController.m; sourceTree = "<group>"; };
		28EB47D31B6C5B57005F9AD2 /* GoalsViewController.h */ = {isa = PBXFileReference; fileEncoding = 4; lastKnownFileType = sourcecode.c.h; lineEnding = 0; path = GoalsViewController.h; sourceTree = "<group>"; xcLanguageSpecificationIdentifier = xcode.lang.objcpp; };
		28EB47D41B6C5B57005F9AD2 /* GoalsViewController.m */ = {isa = PBXFileReference; fileEncoding = 4; lastKnownFileType = sourcecode.c.objc; lineEnding = 0; path = GoalsViewController.m; sourceTree = "<group>"; xcLanguageSpecificationIdentifier = xcode.lang.objc; };
		28EB47D61B6C5B5E005F9AD2 /* TodayViewController.h */ = {isa = PBXFileReference; fileEncoding = 4; lastKnownFileType = sourcecode.c.h; path = TodayViewController.h; sourceTree = "<group>"; };
		28EB47D71B6C5B5E005F9AD2 /* TodayViewController.m */ = {isa = PBXFileReference; fileEncoding = 4; lastKnownFileType = sourcecode.c.objc; path = TodayViewController.m; sourceTree = "<group>"; };
		28EB47D91B6C5B65005F9AD2 /* SummaryViewController.h */ = {isa = PBXFileReference; fileEncoding = 4; lastKnownFileType = sourcecode.c.h; lineEnding = 0; path = SummaryViewController.h; sourceTree = "<group>"; xcLanguageSpecificationIdentifier = xcode.lang.objcpp; };
		28EB47DA1B6C5B65005F9AD2 /* SummaryViewController.m */ = {isa = PBXFileReference; fileEncoding = 4; lastKnownFileType = sourcecode.c.objc; lineEnding = 0; path = SummaryViewController.m; sourceTree = "<group>"; xcLanguageSpecificationIdentifier = xcode.lang.objc; };
		28EB47DC1B6C5B6C005F9AD2 /* TaskViewController.h */ = {isa = PBXFileReference; fileEncoding = 4; lastKnownFileType = sourcecode.c.h; lineEnding = 0; path = TaskViewController.h; sourceTree = "<group>"; xcLanguageSpecificationIdentifier = xcode.lang.objcpp; };
		28EB47DD1B6C5B6C005F9AD2 /* TaskViewController.m */ = {isa = PBXFileReference; fileEncoding = 4; lastKnownFileType = sourcecode.c.objc; lineEnding = 0; path = TaskViewController.m; sourceTree = "<group>"; xcLanguageSpecificationIdentifier = xcode.lang.objc; };
		28EB48221B6EDD10005F9AD2 /* Objects.h */ = {isa = PBXFileReference; fileEncoding = 4; lastKnownFileType = sourcecode.c.h; path = Objects.h; sourceTree = "<group>"; };
		28EB48231B6EDD10005F9AD2 /* Objects.m */ = {isa = PBXFileReference; fileEncoding = 4; lastKnownFileType = sourcecode.c.objc; path = Objects.m; sourceTree = "<group>"; };
		28F96E351B721363009CF483 /* Stack.h */ = {isa = PBXFileReference; fileEncoding = 4; lastKnownFileType = sourcecode.c.h; path = Stack.h; sourceTree = "<group>"; };
		28F96E361B721363009CF483 /* Stack.m */ = {isa = PBXFileReference; fileEncoding = 4; lastKnownFileType = sourcecode.c.objc; path = Stack.m; sourceTree = "<group>"; };
		28F96E391B721389009CF483 /* Model.xcdatamodel */ = {isa = PBXFileReference; lastKnownFileType = wrapper.xcdatamodel; path = Model.xcdatamodel; sourceTree = "<group>"; };
		28F96E3B1B7213A4009CF483 /* CoreData.framework */ = {isa = PBXFileReference; lastKnownFileType = wrapper.framework; name = CoreData.framework; path = System/Library/Frameworks/CoreData.framework; sourceTree = SDKROOT; };
/* End PBXFileReference section */

/* Begin PBXFrameworksBuildPhase section */
		28EB47731B6C09C9005F9AD2 /* Frameworks */ = {
			isa = PBXFrameworksBuildPhase;
			buildActionMask = 2147483647;
			files = (
				28F96E3C1B7213A4009CF483 /* CoreData.framework in Frameworks */,
			);
			runOnlyForDeploymentPostprocessing = 0;
		};
		28EB47921B6C09C9005F9AD2 /* Frameworks */ = {
			isa = PBXFrameworksBuildPhase;
			buildActionMask = 2147483647;
			files = (
			);
			runOnlyForDeploymentPostprocessing = 0;
		};
/* End PBXFrameworksBuildPhase section */

/* Begin PBXGroup section */
		28EB476D1B6C09C9005F9AD2 = {
			isa = PBXGroup;
			children = (
				28EB47781B6C09C9005F9AD2 /* Instinct */,
				28EB47981B6C09C9005F9AD2 /* InstinctTests */,
				28EB47771B6C09C9005F9AD2 /* Products */,
			);
			sourceTree = "<group>";
		};
		28EB47771B6C09C9005F9AD2 /* Products */ = {
			isa = PBXGroup;
			children = (
				28EB47761B6C09C9005F9AD2 /* Instinct.app */,
				28EB47951B6C09C9005F9AD2 /* InstinctTests.xctest */,
			);
			name = Products;
			sourceTree = "<group>";
		};
		28EB47781B6C09C9005F9AD2 /* Instinct */ = {
			isa = PBXGroup;
			children = (
				28F96E3B1B7213A4009CF483 /* CoreData.framework */,
				28EB477D1B6C09C9005F9AD2 /* AppDelegate.h */,
				28EB477E1B6C09C9005F9AD2 /* AppDelegate.m */,
				28F96E351B721363009CF483 /* Stack.h */,
				28F96E361B721363009CF483 /* Stack.m */,
				28F96E381B721389009CF483 /* Model.xcdatamodeld */,
				28EB47B71B6C4664005F9AD2 /* Model */,
				28EB47B91B6C46C3005F9AD2 /* View */,
				28EB47BA1B6C46E6005F9AD2 /* Controllers */,
				28EB47891B6C09C9005F9AD2 /* Main.storyboard */,
				28EB478C1B6C09C9005F9AD2 /* Images.xcassets */,
				28EB478E1B6C09C9005F9AD2 /* LaunchScreen.xib */,
				28EB47791B6C09C9005F9AD2 /* Supporting Files */,
			);
			path = Instinct;
			sourceTree = "<group>";
		};
		28EB47791B6C09C9005F9AD2 /* Supporting Files */ = {
			isa = PBXGroup;
			children = (
				28EB477A1B6C09C9005F9AD2 /* Info.plist */,
				28EB477B1B6C09C9005F9AD2 /* main.m */,
			);
			name = "Supporting Files";
			sourceTree = "<group>";
		};
		28EB47981B6C09C9005F9AD2 /* InstinctTests */ = {
			isa = PBXGroup;
			children = (
				28EB479B1B6C09C9005F9AD2 /* InstinctTests.m */,
				28EB47991B6C09C9005F9AD2 /* Supporting Files */,
			);
			path = InstinctTests;
			sourceTree = "<group>";
		};
		28EB47991B6C09C9005F9AD2 /* Supporting Files */ = {
			isa = PBXGroup;
			children = (
				28EB479A1B6C09C9005F9AD2 /* Info.plist */,
			);
			name = "Supporting Files";
			sourceTree = "<group>";
		};
		28EB47B71B6C4664005F9AD2 /* Model */ = {
			isa = PBXGroup;
			children = (
				285496341B75482600AFE16C /* Task.h */,
				285496351B75482600AFE16C /* Task.m */,
				285496311B75482500AFE16C /* Goal.h */,
				285496321B75482500AFE16C /* Goal.m */,
				28EB48221B6EDD10005F9AD2 /* Objects.h */,
				28EB48231B6EDD10005F9AD2 /* Objects.m */,
				28EB47AB1B6C19BF005F9AD2 /* Settings.h */,
				28EB47AC1B6C19BF005F9AD2 /* Settings.m */,
				28EB47BB1B6C5A54005F9AD2 /* Today.h */,
				28EB47BC1B6C5A54005F9AD2 /* Today.m */,
				28EB47C41B6C5AD7005F9AD2 /* Summary.h */,
				28EB47C51B6C5AD7005F9AD2 /* Summary.m */,
			);
			name = Model;
			sourceTree = "<group>";
		};
		28EB47B91B6C46C3005F9AD2 /* View */ = {
			isa = PBXGroup;
			children = (
				28EB47D31B6C5B57005F9AD2 /* GoalsViewController.h */,
				28EB47D41B6C5B57005F9AD2 /* GoalsViewController.m */,
				28EB47D61B6C5B5E005F9AD2 /* TodayViewController.h */,
				28EB47D71B6C5B5E005F9AD2 /* TodayViewController.m */,
				28EB47DC1B6C5B6C005F9AD2 /* TaskViewController.h */,
				28EB47DD1B6C5B6C005F9AD2 /* TaskViewController.m */,
				28EB47D91B6C5B65005F9AD2 /* SummaryViewController.h */,
				28EB47DA1B6C5B65005F9AD2 /* SummaryViewController.m */,
				28EB48201B6DA3D9005F9AD2 /* Support pages */,
			);
			name = View;
			sourceTree = "<group>";
		};
		28EB47BA1B6C46E6005F9AD2 /* Controllers */ = {
			isa = PBXGroup;
			children = (
				28EB47AE1B6C1BB1005F9AD2 /* SettingsController.h */,
				28EB47AF1B6C1BB1005F9AD2 /* SettingsController.m */,
				28EB47C71B6C5B04005F9AD2 /* GoalController.h */,
				28EB47C81B6C5B04005F9AD2 /* GoalController.m */,
				28EB47CA1B6C5B17005F9AD2 /* TodayController.h */,
				28EB47CB1B6C5B17005F9AD2 /* TodayController.m */,
				28EB47D01B6C5B2E005F9AD2 /* TaskController.h */,
				28EB47D11B6C5B2E005F9AD2 /* TaskController.m */,
				28EB47CD1B6C5B23005F9AD2 /* SummaryController.h */,
				28EB47CE1B6C5B23005F9AD2 /* SummaryController.m */,
			);
			name = Controllers;
			sourceTree = "<group>";
		};
		28EB48201B6DA3D9005F9AD2 /* Support pages */ = {
			isa = PBXGroup;
			children = (
				28EB47A51B6C1579005F9AD2 /* AddTaskViewController.h */,
				28EB47A61B6C1579005F9AD2 /* AddTaskViewController.m */,
				28EB47A81B6C18E4005F9AD2 /* SettingsViewController.h */,
				28EB47A91B6C18E4005F9AD2 /* SettingsViewController.m */,
			);
			name = "Support pages";
			sourceTree = "<group>";
		};
/* End PBXGroup section */

/* Begin PBXNativeTarget section */
		28EB47751B6C09C9005F9AD2 /* Instinct */ = {
			isa = PBXNativeTarget;
			buildConfigurationList = 28EB479F1B6C09C9005F9AD2 /* Build configuration list for PBXNativeTarget "Instinct" */;
			buildPhases = (
				28EB47721B6C09C9005F9AD2 /* Sources */,
				28EB47731B6C09C9005F9AD2 /* Frameworks */,
				28EB47741B6C09C9005F9AD2 /* Resources */,
			);
			buildRules = (
			);
			dependencies = (
			);
			name = Instinct;
			productName = Instinct;
			productReference = 28EB47761B6C09C9005F9AD2 /* Instinct.app */;
			productType = "com.apple.product-type.application";
		};
		28EB47941B6C09C9005F9AD2 /* InstinctTests */ = {
			isa = PBXNativeTarget;
			buildConfigurationList = 28EB47A21B6C09C9005F9AD2 /* Build configuration list for PBXNativeTarget "InstinctTests" */;
			buildPhases = (
				28EB47911B6C09C9005F9AD2 /* Sources */,
				28EB47921B6C09C9005F9AD2 /* Frameworks */,
				28EB47931B6C09C9005F9AD2 /* Resources */,
			);
			buildRules = (
			);
			dependencies = (
				28EB47971B6C09C9005F9AD2 /* PBXTargetDependency */,
			);
			name = InstinctTests;
			productName = InstinctTests;
			productReference = 28EB47951B6C09C9005F9AD2 /* InstinctTests.xctest */;
			productType = "com.apple.product-type.bundle.unit-test";
		};
/* End PBXNativeTarget section */

/* Begin PBXProject section */
		28EB476E1B6C09C9005F9AD2 /* Project object */ = {
			isa = PBXProject;
			attributes = {
				LastUpgradeCheck = 0630;
				ORGANIZATIONNAME = "Peter Zimmerman";
				TargetAttributes = {
					28EB47751B6C09C9005F9AD2 = {
						CreatedOnToolsVersion = 6.3.1;
						DevelopmentTeam = A4WHWDG5S8;
					};
					28EB47941B6C09C9005F9AD2 = {
						CreatedOnToolsVersion = 6.3.1;
						TestTargetID = 28EB47751B6C09C9005F9AD2;
					};
				};
			};
			buildConfigurationList = 28EB47711B6C09C9005F9AD2 /* Build configuration list for PBXProject "Instinct" */;
			compatibilityVersion = "Xcode 3.2";
			developmentRegion = English;
			hasScannedForEncodings = 0;
			knownRegions = (
				en,
				Base,
			);
			mainGroup = 28EB476D1B6C09C9005F9AD2;
			productRefGroup = 28EB47771B6C09C9005F9AD2 /* Products */;
			projectDirPath = "";
			projectRoot = "";
			targets = (
				28EB47751B6C09C9005F9AD2 /* Instinct */,
				28EB47941B6C09C9005F9AD2 /* InstinctTests */,
			);
		};
/* End PBXProject section */

/* Begin PBXResourcesBuildPhase section */
		28EB47741B6C09C9005F9AD2 /* Resources */ = {
			isa = PBXResourcesBuildPhase;
			buildActionMask = 2147483647;
			files = (
				28EB478B1B6C09C9005F9AD2 /* Main.storyboard in Resources */,
				28EB47901B6C09C9005F9AD2 /* LaunchScreen.xib in Resources */,
				28EB478D1B6C09C9005F9AD2 /* Images.xcassets in Resources */,
			);
			runOnlyForDeploymentPostprocessing = 0;
		};
		28EB47931B6C09C9005F9AD2 /* Resources */ = {
			isa = PBXResourcesBuildPhase;
			buildActionMask = 2147483647;
			files = (
			);
			runOnlyForDeploymentPostprocessing = 0;
		};
/* End PBXResourcesBuildPhase section */

/* Begin PBXSourcesBuildPhase section */
		28EB47721B6C09C9005F9AD2 /* Sources */ = {
			isa = PBXSourcesBuildPhase;
			buildActionMask = 2147483647;
			files = (
				285496331B75482500AFE16C /* Goal.m in Sources */,
				28EB47D81B6C5B5E005F9AD2 /* TodayViewController.m in Sources */,
				28EB47C91B6C5B04005F9AD2 /* GoalController.m in Sources */,
				28EB47A71B6C1579005F9AD2 /* AddTaskViewController.m in Sources */,
				28EB47BD1B6C5A54005F9AD2 /* Today.m in Sources */,
				28EB47DB1B6C5B65005F9AD2 /* SummaryViewController.m in Sources */,
				28EB48241B6EDD10005F9AD2 /* Objects.m in Sources */,
				285496361B75482600AFE16C /* Task.m in Sources */,
				28EB477F1B6C09C9005F9AD2 /* AppDelegate.m in Sources */,
				28F96E371B721363009CF483 /* Stack.m in Sources */,
				28EB47B01B6C1BB1005F9AD2 /* SettingsController.m in Sources */,
				28EB47D51B6C5B57005F9AD2 /* GoalsViewController.m in Sources */,
				28EB477C1B6C09C9005F9AD2 /* main.m in Sources */,
				28EB47D21B6C5B2E005F9AD2 /* TaskController.m in Sources */,
				28EB47CF1B6C5B23005F9AD2 /* SummaryController.m in Sources */,
				28EB47DE1B6C5B6C005F9AD2 /* TaskViewController.m in Sources */,
				28EB47C61B6C5AD7005F9AD2 /* Summary.m in Sources */,
				28F96E3A1B721389009CF483 /* Model.xcdatamodeld in Sources */,
				28EB47CC1B6C5B17005F9AD2 /* TodayController.m in Sources */,
				28EB47AD1B6C19BF005F9AD2 /* Settings.m in Sources */,
				28EB47AA1B6C18E4005F9AD2 /* SettingsViewController.m in Sources */,
			);
			runOnlyForDeploymentPostprocessing = 0;
		};
		28EB47911B6C09C9005F9AD2 /* Sources */ = {
			isa = PBXSourcesBuildPhase;
			buildActionMask = 2147483647;
			files = (
				28EB479C1B6C09C9005F9AD2 /* InstinctTests.m in Sources */,
			);
			runOnlyForDeploymentPostprocessing = 0;
		};
/* End PBXSourcesBuildPhase section */

/* Begin PBXTargetDependency section */
		28EB47971B6C09C9005F9AD2 /* PBXTargetDependency */ = {
			isa = PBXTargetDependency;
			target = 28EB47751B6C09C9005F9AD2 /* Instinct */;
			targetProxy = 28EB47961B6C09C9005F9AD2 /* PBXContainerItemProxy */;
		};
/* End PBXTargetDependency section */

/* Begin PBXVariantGroup section */
		28EB47891B6C09C9005F9AD2 /* Main.storyboard */ = {
			isa = PBXVariantGroup;
			children = (
				28EB478A1B6C09C9005F9AD2 /* Base */,
			);
			name = Main.storyboard;
			sourceTree = "<group>";
		};
		28EB478E1B6C09C9005F9AD2 /* LaunchScreen.xib */ = {
			isa = PBXVariantGroup;
			children = (
				28EB478F1B6C09C9005F9AD2 /* Base */,
			);
			name = LaunchScreen.xib;
			sourceTree = "<group>";
		};
/* End PBXVariantGroup section */

/* Begin XCBuildConfiguration section */
		28EB479D1B6C09C9005F9AD2 /* Debug */ = {
			isa = XCBuildConfiguration;
			buildSettings = {
				ALWAYS_SEARCH_USER_PATHS = NO;
				CLANG_CXX_LANGUAGE_STANDARD = "gnu++0x";
				CLANG_CXX_LIBRARY = "libc++";
				CLANG_ENABLE_MODULES = YES;
				CLANG_ENABLE_OBJC_ARC = YES;
				CLANG_WARN_BOOL_CONVERSION = YES;
				CLANG_WARN_CONSTANT_CONVERSION = YES;
				CLANG_WARN_DIRECT_OBJC_ISA_USAGE = YES_ERROR;
				CLANG_WARN_EMPTY_BODY = YES;
				CLANG_WARN_ENUM_CONVERSION = YES;
				CLANG_WARN_INT_CONVERSION = YES;
				CLANG_WARN_OBJC_ROOT_CLASS = YES_ERROR;
				CLANG_WARN_UNREACHABLE_CODE = YES;
				CLANG_WARN__DUPLICATE_METHOD_MATCH = YES;
				"CODE_SIGN_IDENTITY[sdk=iphoneos*]" = "iPhone Developer";
				COPY_PHASE_STRIP = NO;
				DEBUG_INFORMATION_FORMAT = "dwarf-with-dsym";
				ENABLE_STRICT_OBJC_MSGSEND = YES;
				GCC_C_LANGUAGE_STANDARD = gnu99;
				GCC_DYNAMIC_NO_PIC = NO;
				GCC_NO_COMMON_BLOCKS = YES;
				GCC_OPTIMIZATION_LEVEL = 0;
				GCC_PREPROCESSOR_DEFINITIONS = (
					"DEBUG=1",
					"$(inherited)",
				);
				GCC_SYMBOLS_PRIVATE_EXTERN = NO;
				GCC_WARN_64_TO_32_BIT_CONVERSION = YES;
				GCC_WARN_ABOUT_RETURN_TYPE = YES_ERROR;
				GCC_WARN_UNDECLARED_SELECTOR = YES;
				GCC_WARN_UNINITIALIZED_AUTOS = YES_AGGRESSIVE;
				GCC_WARN_UNUSED_FUNCTION = YES;
				GCC_WARN_UNUSED_VARIABLE = YES;
				IPHONEOS_DEPLOYMENT_TARGET = 8.3;
				MTL_ENABLE_DEBUG_INFO = YES;
				ONLY_ACTIVE_ARCH = YES;
				SDKROOT = iphoneos;
				TARGETED_DEVICE_FAMILY = "1,2";
			};
			name = Debug;
		};
		28EB479E1B6C09C9005F9AD2 /* Release */ = {
			isa = XCBuildConfiguration;
			buildSettings = {
				ALWAYS_SEARCH_USER_PATHS = NO;
				CLANG_CXX_LANGUAGE_STANDARD = "gnu++0x";
				CLANG_CXX_LIBRARY = "libc++";
				CLANG_ENABLE_MODULES = YES;
				CLANG_ENABLE_OBJC_ARC = YES;
				CLANG_WARN_BOOL_CONVERSION = YES;
				CLANG_WARN_CONSTANT_CONVERSION = YES;
				CLANG_WARN_DIRECT_OBJC_ISA_USAGE = YES_ERROR;
				CLANG_WARN_EMPTY_BODY = YES;
				CLANG_WARN_ENUM_CONVERSION = YES;
				CLANG_WARN_INT_CONVERSION = YES;
				CLANG_WARN_OBJC_ROOT_CLASS = YES_ERROR;
				CLANG_WARN_UNREACHABLE_CODE = YES;
				CLANG_WARN__DUPLICATE_METHOD_MATCH = YES;
				"CODE_SIGN_IDENTITY[sdk=iphoneos*]" = "iPhone Developer";
				COPY_PHASE_STRIP = NO;
				DEBUG_INFORMATION_FORMAT = "dwarf-with-dsym";
				ENABLE_NS_ASSERTIONS = NO;
				ENABLE_STRICT_OBJC_MSGSEND = YES;
				GCC_C_LANGUAGE_STANDARD = gnu99;
				GCC_NO_COMMON_BLOCKS = YES;
				GCC_WARN_64_TO_32_BIT_CONVERSION = YES;
				GCC_WARN_ABOUT_RETURN_TYPE = YES_ERROR;
				GCC_WARN_UNDECLARED_SELECTOR = YES;
				GCC_WARN_UNINITIALIZED_AUTOS = YES_AGGRESSIVE;
				GCC_WARN_UNUSED_FUNCTION = YES;
				GCC_WARN_UNUSED_VARIABLE = YES;
				IPHONEOS_DEPLOYMENT_TARGET = 8.3;
				MTL_ENABLE_DEBUG_INFO = NO;
				SDKROOT = iphoneos;
				TARGETED_DEVICE_FAMILY = "1,2";
				VALIDATE_PRODUCT = YES;
			};
			name = Release;
		};
		28EB47A01B6C09C9005F9AD2 /* Debug */ = {
			isa = XCBuildConfiguration;
			buildSettings = {
				ASSETCATALOG_COMPILER_APPICON_NAME = AppIcon;
				CODE_SIGN_IDENTITY = "iPhone Developer";
				INFOPLIST_FILE = Instinct/Info.plist;
				LD_RUNPATH_SEARCH_PATHS = "$(inherited) @executable_path/Frameworks";
				PRODUCT_NAME = "$(TARGET_NAME)";
			};
			name = Debug;
		};
		28EB47A11B6C09C9005F9AD2 /* Release */ = {
			isa = XCBuildConfiguration;
			buildSettings = {
				ASSETCATALOG_COMPILER_APPICON_NAME = AppIcon;
				CODE_SIGN_IDENTITY = "iPhone Developer";
				INFOPLIST_FILE = Instinct/Info.plist;
				LD_RUNPATH_SEARCH_PATHS = "$(inherited) @executable_path/Frameworks";
				PRODUCT_NAME = "$(TARGET_NAME)";
			};
			name = Release;
		};
		28EB47A31B6C09C9005F9AD2 /* Debug */ = {
			isa = XCBuildConfiguration;
			buildSettings = {
				BUNDLE_LOADER = "$(TEST_HOST)";
				FRAMEWORK_SEARCH_PATHS = (
					"$(SDKROOT)/Developer/Library/Frameworks",
					"$(inherited)",
				);
				GCC_PREPROCESSOR_DEFINITIONS = (
					"DEBUG=1",
					"$(inherited)",
				);
				INFOPLIST_FILE = InstinctTests/Info.plist;
				LD_RUNPATH_SEARCH_PATHS = "$(inherited) @executable_path/Frameworks @loader_path/Frameworks";
				PRODUCT_NAME = "$(TARGET_NAME)";
				TEST_HOST = "$(BUILT_PRODUCTS_DIR)/Instinct.app/Instinct";
			};
			name = Debug;
		};
		28EB47A41B6C09C9005F9AD2 /* Release */ = {
			isa = XCBuildConfiguration;
			buildSettings = {
				BUNDLE_LOADER = "$(TEST_HOST)";
				FRAMEWORK_SEARCH_PATHS = (
					"$(SDKROOT)/Developer/Library/Frameworks",
					"$(inherited)",
				);
				INFOPLIST_FILE = InstinctTests/Info.plist;
				LD_RUNPATH_SEARCH_PATHS = "$(inherited) @executable_path/Frameworks @loader_path/Frameworks";
				PRODUCT_NAME = "$(TARGET_NAME)";
				TEST_HOST = "$(BUILT_PRODUCTS_DIR)/Instinct.app/Instinct";
			};
			name = Release;
		};
/* End XCBuildConfiguration section */

/* Begin XCConfigurationList section */
		28EB47711B6C09C9005F9AD2 /* Build configuration list for PBXProject "Instinct" */ = {
			isa = XCConfigurationList;
			buildConfigurations = (
				28EB479D1B6C09C9005F9AD2 /* Debug */,
				28EB479E1B6C09C9005F9AD2 /* Release */,
			);
			defaultConfigurationIsVisible = 0;
			defaultConfigurationName = Release;
		};
		28EB479F1B6C09C9005F9AD2 /* Build configuration list for PBXNativeTarget "Instinct" */ = {
			isa = XCConfigurationList;
			buildConfigurations = (
				28EB47A01B6C09C9005F9AD2 /* Debug */,
				28EB47A11B6C09C9005F9AD2 /* Release */,
			);
			defaultConfigurationIsVisible = 0;
			defaultConfigurationName = Release;
		};
		28EB47A21B6C09C9005F9AD2 /* Build configuration list for PBXNativeTarget "InstinctTests" */ = {
			isa = XCConfigurationList;
			buildConfigurations = (
				28EB47A31B6C09C9005F9AD2 /* Debug */,
				28EB47A41B6C09C9005F9AD2 /* Release */,
			);
			defaultConfigurationIsVisible = 0;
			defaultConfigurationName = Release;
		};
/* End XCConfigurationList section */

/* Begin XCVersionGroup section */
		28F96E381B721389009CF483 /* Model.xcdatamodeld */ = {
			isa = XCVersionGroup;
			children = (
				28F96E391B721389009CF483 /* Model.xcdatamodel */,
			);
			currentVersion = 28F96E391B721389009CF483 /* Model.xcdatamodel */;
			path = Model.xcdatamodeld;
			sourceTree = "<group>";
			versionGroupType = wrapper.xcdatamodel;
		};
/* End XCVersionGroup section */
	};
	rootObject = 28EB476E1B6C09C9005F9AD2 /* Project object */;
}
